
Microsoft Visual Studio Solution File, Format Version 12.00
# Visual Studio Version 17
VisualStudioVersion = 17.14.36429.23
MinimumVisualStudioVersion = 10.0.40219.1
Project("{FAE04EC0-301F-11D3-BF4B-00C04F79EFBC}") = "EasyGames", "EasyGames.csproj", "{5A605F69-96D6-4F9D-9EDB-F518ACB55061}"
EndProject
Project("{FAE04EC0-301F-11D3-BF4B-00C04F79EFBC}") = "EasyGames.Class", "EasyGames.Class\EasyGames.Class.csproj", "{E430992D-068A-B8D0-E77C-28DDB0E1F556}"
EndProject
Project("{FAE04EC0-301F-11D3-BF4B-00C04F79EFBC}") = "EasyGames.Services", "EasyGamesServices\EasyGames.Services.csproj", "{1CE53A06-E610-634F-C7F8-A1BFD2318849}"
EndProject
Global
	GlobalSection(SolutionConfigurationPlatforms) = preSolution
		Debug|Any CPU = Debug|Any CPU
		Release|Any CPU = Release|Any CPU
	EndGlobalSection
	GlobalSection(ProjectConfigurationPlatforms) = postSolution
		{5A605F69-96D6-4F9D-9EDB-F518ACB55061}.Debug|Any CPU.ActiveCfg = Debug|Any CPU
		{5A605F69-96D6-4F9D-9EDB-F518ACB55061}.Debug|Any CPU.Build.0 = Debug|Any CPU
		{5A605F69-96D6-4F9D-9EDB-F518ACB55061}.Release|Any CPU.ActiveCfg = Release|Any CPU
		{5A605F69-96D6-4F9D-9EDB-F518ACB55061}.Release|Any CPU.Build.0 = Release|Any CPU
		{E430992D-068A-B8D0-E77C-28DDB0E1F556}.Debug|Any CPU.ActiveCfg = Debug|Any CPU
		{E430992D-068A-B8D0-E77C-28DDB0E1F556}.Debug|Any CPU.Build.0 = Debug|Any CPU
		{E430992D-068A-B8D0-E77C-28DDB0E1F556}.Release|Any CPU.ActiveCfg = Release|Any CPU
		{E430992D-068A-B8D0-E77C-28DDB0E1F556}.Release|Any CPU.Build.0 = Release|Any CPU
		{1CE53A06-E610-634F-C7F8-A1BFD2318849}.Debug|Any CPU.ActiveCfg = Debug|Any CPU
		{1CE53A06-E610-634F-C7F8-A1BFD2318849}.Debug|Any CPU.Build.0 = Debug|Any CPU
		{1CE53A06-E610-634F-C7F8-A1BFD2318849}.Release|Any CPU.ActiveCfg = Release|Any CPU
		{1CE53A06-E610-634F-C7F8-A1BFD2318849}.Release|Any CPU.Build.0 = Release|Any CPU
	EndGlobalSection
	GlobalSection(SolutionProperties) = preSolution
		HideSolutionNode = FALSE
	EndGlobalSection
	GlobalSection(ExtensibilityGlobals) = postSolution
		SolutionGuid = {9EA5CCA3-E343-400A-8359-D86CCE74679F}
	EndGlobalSection
EndGlobal
